# THIS IS AN AUTOGENERATED FILE. DO NOT EDIT THIS FILE DIRECTLY.
# yarn lockfile v1


"@types/node@^16.11.12":
  version "16.18.68"
  resolved "https://registry.yarnpkg.com/@types/node/-/node-16.18.68.tgz#3155f64a961b3d8d10246c80657f9a7292e3421a"
  integrity sha512-sG3hPIQwJLoewrN7cr0dwEy+yF5nD4D/4FxtQpFciRD/xwUzgD+G05uxZHv5mhfXo4F9Jkp13jjn0CC2q325sg==

Set@^0.4.1:
  version "0.4.1"
  resolved "https://registry.yarnpkg.com/Set/-/Set-0.4.1.tgz#8385587be9863e49d2ffd7a85e1a1e4b11633ca6"
  integrity sha512-+TXBAK+hDss1DqX7W5fGw0JuvGrtVwAHYGWgqe0MIWHH/U9HvBb9LsgNZ3TLZX8DaddBGRmCgoDuk7mnYgx8Dw==

a-star@^0.2.0:
  version "0.2.0"
  resolved "https://registry.yarnpkg.com/a-star/-/a-star-0.2.0.tgz#a1423c830c3bf9a259d490bfbf2710e792f044f9"
  integrity sha512-8tnUNOOneo7w5MnhQc9VuTAaVAWf+gg5j/bIm6QF77TmC40qwZPlWhKSfSCwrw1M9RUhHTn2PDX+ZtcVNRqIaw==
  dependencies:
    Set "^0.4.1"
    dict "^1.4.0"
    heap "^0.2.3"

babar@^0.2.0:
  version "0.2.3"
  resolved "https://registry.yarnpkg.com/babar/-/babar-0.2.3.tgz#25690d918deea4a4b6ea7909df9e76eb80f558c8"
  integrity sha512-1hmYKLj+7m5qHsJ3hosOlO7Z5BYe3E8u9u/W2BEqB4kytysuHYuGe5OIrEr7q4Zyg3y3EytFb4YrPZokYSix8g==
  dependencies:
    colors "~1.4.0"

colors@~1.4.0:
  version "1.4.0"
  resolved "https://registry.yarnpkg.com/colors/-/colors-1.4.0.tgz#c50491479d4c1bdaed2c9ced32cf7c7dc2360f78"
  integrity sha512-a+UqTh4kgZg/SlGvfbzDHpgRu7AAQOmmqRHJnxhRZICKFUT91brVhNNt58CMWU9PsBbv3PDCZUHbVxuDiH2mtA==

dict@^1.4.0:
  version "1.4.0"
  resolved "https://registry.yarnpkg.com/dict/-/dict-1.4.0.tgz#83d87d57cf0c4ac0d834608448b10a6e23bbfea0"
  integrity sha512-iJZcYCUwg0vDqo/CSc96qd08CKRagnQniCpcwfzGDuR/3fyilTFdS8/f0ft95aVGZkoQNuwgpTxs4FtD4jH5Fw==

fs@^0.0.1-security:
  version "0.0.1-security"
  resolved "https://registry.yarnpkg.com/fs/-/fs-0.0.1-security.tgz#8a7bd37186b6dddf3813f23858b57ecaaf5e41d4"
  integrity sha512-3XY9e1pP0CVEUCdj5BmfIZxRBTSDycnbqhIOGec9QYtmVH2fbLpj86CFWkrNOkt/Fvty4KZG5lTglL9j/gJ87w==

heap@^0.2.3:
  version "0.2.7"
  resolved "https://registry.yarnpkg.com/heap/-/heap-0.2.7.tgz#1e6adf711d3f27ce35a81fe3b7bd576c2260a8fc"
  integrity sha512-2bsegYkkHO+h/9MGbn6KWcE45cHZgPANo5LXF7EvWdT0yT2EguSVO1nDgU5c8+ZOPwp2vMNa7YFsJhVcDR9Sdg==

js-md5@^0.7.3:
  version "0.7.3"
  resolved "https://registry.yarnpkg.com/js-md5/-/js-md5-0.7.3.tgz#b4f2fbb0b327455f598d6727e38ec272cd09c3f2"
  integrity sha512-ZC41vPSTLKGwIRjqDh8DfXoCrdQIyBgspJVPXHBGu4nZlAEvG3nf+jO9avM9RmLiGakg7vz974ms99nEV0tmTQ==

lodash@^4.17.21:
  version "4.17.21"
  resolved "https://registry.yarnpkg.com/lodash/-/lodash-4.17.21.tgz#679591c564c3bffaae8454cf0b3df370c3d6911c"
  integrity sha512-v2kDEe57lecTulaDIuNTPy3Ry4gLGJ6Z1O3vE1krgXZNrsQ+LFTGHVxVjcXPs17LhbZVGedAJv8XZ1tvj5FvSg==
